
Microsoft Visual Studio Solution File, Format Version 12.00
# Visual Studio Version 17
VisualStudioVersion = 17.4.33103.184
MinimumVisualStudioVersion = 10.0.40219.1
Project("{9A19103F-16F7-4668-BE54-9A1E7A4F7556}") = "Worker1", "Worker1\Worker1.csproj", "{23C5C82E-0462-4816-A33B-6A3D270B377A}"
EndProject
Project("{9A19103F-16F7-4668-BE54-9A1E7A4F7556}") = "Worker2", "Worker2\Worker2.csproj", "{9007CA39-C37B-4142-B6EC-90DBFCCB04B9}"
EndProject
Global
	GlobalSection(SolutionConfigurationPlatforms) = preSolution
		Debug|Any CPU = Debug|Any CPU
		Release|Any CPU = Release|Any CPU
	EndGlobalSection
	GlobalSection(ProjectConfigurationPlatforms) = postSolution
		{23C5C82E-0462-4816-A33B-6A3D270B377A}.Debug|Any CPU.ActiveCfg = Debug|Any CPU
		{23C5C82E-0462-4816-A33B-6A3D270B377A}.Debug|Any CPU.Build.0 = Debug|Any CPU
		{23C5C82E-0462-4816-A33B-6A3D270B377A}.Release|Any CPU.ActiveCfg = Release|Any CPU
		{23C5C82E-0462-4816-A33B-6A3D270B377A}.Release|Any CPU.Build.0 = Release|Any CPU
		{9007CA39-C37B-4142-B6EC-90DBFCCB04B9}.Debug|Any CPU.ActiveCfg = Debug|Any CPU
		{9007CA39-C37B-4142-B6EC-90DBFCCB04B9}.Debug|Any CPU.Build.0 = Debug|Any CPU
		{9007CA39-C37B-4142-B6EC-90DBFCCB04B9}.Release|Any CPU.ActiveCfg = Release|Any CPU
		{9007CA39-C37B-4142-B6EC-90DBFCCB04B9}.Release|Any CPU.Build.0 = Release|Any CPU
	EndGlobalSection
	GlobalSection(SolutionProperties) = preSolution
		HideSolutionNode = FALSE
	EndGlobalSection
	GlobalSection(ExtensibilityGlobals) = postSolution
		SolutionGuid = {7B3412ED-978C-43EF-96A8-AFB143F84DAA}
	EndGlobalSection
EndGlobal
